// !$*UTF8*$!
{
	archiveVersion = 1;
	classes = {
	};
	objectVersion = 48;
	objects = {

/* Begin PBXBuildFile section */
		511E853E1F87D890000C6B87 /* FriendEditViewController.swift in Sources */ = {isa = PBXBuildFile; fileRef = 511E853D1F87D890000C6B87 /* FriendEditViewController.swift */; };
		512307491F7BEC0200AC6949 /* FriendDetailViewController.swift in Sources */ = {isa = PBXBuildFile; fileRef = 512307481F7BEC0200AC6949 /* FriendDetailViewController.swift */; };
		518136D81F7696C8009EEA42 /* AppDelegate.swift in Sources */ = {isa = PBXBuildFile; fileRef = 518136D71F7696C8009EEA42 /* AppDelegate.swift */; };
		518136DA1F7696C8009EEA42 /* FriendRegistViewController.swift in Sources */ = {isa = PBXBuildFile; fileRef = 518136D91F7696C8009EEA42 /* FriendRegistViewController.swift */; };
		518136DC1F7696C8009EEA42 /* FriendListViewController.swift in Sources */ = {isa = PBXBuildFile; fileRef = 518136DB1F7696C8009EEA42 /* FriendListViewController.swift */; };
		518136DF1F7696C8009EEA42 /* Main.storyboard in Resources */ = {isa = PBXBuildFile; fileRef = 518136DD1F7696C8009EEA42 /* Main.storyboard */; };
		518136E11F7696C8009EEA42 /* Assets.xcassets in Resources */ = {isa = PBXBuildFile; fileRef = 518136E01F7696C8009EEA42 /* Assets.xcassets */; };
		518136E41F7696C8009EEA42 /* LaunchScreen.storyboard in Resources */ = {isa = PBXBuildFile; fileRef = 518136E21F7696C8009EEA42 /* LaunchScreen.storyboard */; };
		518136EF1F7696C9009EEA42 /* FriendListAppTestTests.swift in Sources */ = {isa = PBXBuildFile; fileRef = 518136EE1F7696C9009EEA42 /* FriendListAppTestTests.swift */; };
		518136FA1F7696C9009EEA42 /* FriendListAppTestUITests.swift in Sources */ = {isa = PBXBuildFile; fileRef = 518136F91F7696C9009EEA42 /* FriendListAppTestUITests.swift */; };
		5183C1341F7798730018B6AC /* RealmSwift.framework in Frameworks */ = {isa = PBXBuildFile; fileRef = 5183C1321F77986E0018B6AC /* RealmSwift.framework */; };
		5183C1351F7798740018B6AC /* RealmSwift.framework in Embed Frameworks */ = {isa = PBXBuildFile; fileRef = 5183C1321F77986E0018B6AC /* RealmSwift.framework */; settings = {ATTRIBUTES = (CodeSignOnCopy, RemoveHeadersOnCopy, ); }; };
		5183C1361F7798740018B6AC /* Realm.framework in Frameworks */ = {isa = PBXBuildFile; fileRef = 5183C1331F7798730018B6AC /* Realm.framework */; };
		5183C1371F7798740018B6AC /* Realm.framework in Embed Frameworks */ = {isa = PBXBuildFile; fileRef = 5183C1331F7798730018B6AC /* Realm.framework */; settings = {ATTRIBUTES = (CodeSignOnCopy, RemoveHeadersOnCopy, ); }; };
		5183C13B1F77C0250018B6AC /* FriendListDB.swift in Sources */ = {isa = PBXBuildFile; fileRef = 5183C13A1F77C0250018B6AC /* FriendListDB.swift */; };
		5183C1411F7945050018B6AC /* SampleLibrary.swift in Sources */ = {isa = PBXBuildFile; fileRef = 5183C1401F7945050018B6AC /* SampleLibrary.swift */; };
		519CB3971F7D4306000A4B52 /* FriendTableViewCell.swift in Sources */ = {isa = PBXBuildFile; fileRef = 519CB3961F7D4306000A4B52 /* FriendTableViewCell.swift */; };
/* End PBXBuildFile section */

/* Begin PBXContainerItemProxy section */
		518136EB1F7696C9009EEA42 /* PBXContainerItemProxy */ = {
			isa = PBXContainerItemProxy;
			containerPortal = 518136CC1F7696C8009EEA42 /* Project object */;
			proxyType = 1;
			remoteGlobalIDString = 518136D31F7696C8009EEA42;
			remoteInfo = FriendListAppTest;
		};
		518136F61F7696C9009EEA42 /* PBXContainerItemProxy */ = {
			isa = PBXContainerItemProxy;
			containerPortal = 518136CC1F7696C8009EEA42 /* Project object */;
			proxyType = 1;
			remoteGlobalIDString = 518136D31F7696C8009EEA42;
			remoteInfo = FriendListAppTest;
		};
/* End PBXContainerItemProxy section */

/* Begin PBXCopyFilesBuildPhase section */
		5183C1381F7798740018B6AC /* Embed Frameworks */ = {
			isa = PBXCopyFilesBuildPhase;
			buildActionMask = 2147483647;
			dstPath = "";
			dstSubfolderSpec = 10;
			files = (
				5183C1371F7798740018B6AC /* Realm.framework in Embed Frameworks */,
				5183C1351F7798740018B6AC /* RealmSwift.framework in Embed Frameworks */,
			);
			name = "Embed Frameworks";
			runOnlyForDeploymentPostprocessing = 0;
		};
/* End PBXCopyFilesBuildPhase section */

/* Begin PBXFileReference section */
		511E853D1F87D890000C6B87 /* FriendEditViewController.swift */ = {isa = PBXFileReference; lastKnownFileType = sourcecode.swift; path = FriendEditViewController.swift; sourceTree = "<group>"; };
		512307481F7BEC0200AC6949 /* FriendDetailViewController.swift */ = {isa = PBXFileReference; lastKnownFileType = sourcecode.swift; path = FriendDetailViewController.swift; sourceTree = "<group>"; };
		518136D41F7696C8009EEA42 /* FriendListAppTest.app */ = {isa = PBXFileReference; explicitFileType = wrapper.application; includeInIndex = 0; path = FriendListAppTest.app; sourceTree = BUILT_PRODUCTS_DIR; };
		518136D71F7696C8009EEA42 /* AppDelegate.swift */ = {isa = PBXFileReference; lastKnownFileType = sourcecode.swift; path = AppDelegate.swift; sourceTree = "<group>"; };
		518136D91F7696C8009EEA42 /* FriendRegistViewController.swift */ = {isa = PBXFileReference; lastKnownFileType = sourcecode.swift; path = FriendRegistViewController.swift; sourceTree = "<group>"; };
		518136DB1F7696C8009EEA42 /* FriendListViewController.swift */ = {isa = PBXFileReference; lastKnownFileType = sourcecode.swift; path = FriendListViewController.swift; sourceTree = "<group>"; };
		518136DE1F7696C8009EEA42 /* Base */ = {isa = PBXFileReference; lastKnownFileType = file.storyboard; name = Base; path = Base.lproj/Main.storyboard; sourceTree = "<group>"; };
		518136E01F7696C8009EEA42 /* Assets.xcassets */ = {isa = PBXFileReference; lastKnownFileType = folder.assetcatalog; path = Assets.xcassets; sourceTree = "<group>"; };
		518136E31F7696C8009EEA42 /* Base */ = {isa = PBXFileReference; lastKnownFileType = file.storyboard; name = Base; path = Base.lproj/LaunchScreen.storyboard; sourceTree = "<group>"; };
		518136E51F7696C8009EEA42 /* Info.plist */ = {isa = PBXFileReference; lastKnownFileType = text.plist.xml; path = Info.plist; sourceTree = "<group>"; };
		518136EA1F7696C9009EEA42 /* FriendListAppTestTests.xctest */ = {isa = PBXFileReference; explicitFileType = wrapper.cfbundle; includeInIndex = 0; path = FriendListAppTestTests.xctest; sourceTree = BUILT_PRODUCTS_DIR; };
		518136EE1F7696C9009EEA42 /* FriendListAppTestTests.swift */ = {isa = PBXFileReference; lastKnownFileType = sourcecode.swift; path = FriendListAppTestTests.swift; sourceTree = "<group>"; };
		518136F01F7696C9009EEA42 /* Info.plist */ = {isa = PBXFileReference; lastKnownFileType = text.plist.xml; path = Info.plist; sourceTree = "<group>"; };
		518136F51F7696C9009EEA42 /* FriendListAppTestUITests.xctest */ = {isa = PBXFileReference; explicitFileType = wrapper.cfbundle; includeInIndex = 0; path = FriendListAppTestUITests.xctest; sourceTree = BUILT_PRODUCTS_DIR; };
		518136F91F7696C9009EEA42 /* FriendListAppTestUITests.swift */ = {isa = PBXFileReference; lastKnownFileType = sourcecode.swift; path = FriendListAppTestUITests.swift; sourceTree = "<group>"; };
		518136FB1F7696C9009EEA42 /* Info.plist */ = {isa = PBXFileReference; lastKnownFileType = text.plist.xml; path = Info.plist; sourceTree = "<group>"; };
		5183C1321F77986E0018B6AC /* RealmSwift.framework */ = {isa = PBXFileReference; lastKnownFileType = wrapper.framework; path = RealmSwift.framework; sourceTree = "<group>"; };
		5183C1331F7798730018B6AC /* Realm.framework */ = {isa = PBXFileReference; lastKnownFileType = wrapper.framework; path = Realm.framework; sourceTree = "<group>"; };
		5183C13A1F77C0250018B6AC /* FriendListDB.swift */ = {isa = PBXFileReference; lastKnownFileType = sourcecode.swift; path = FriendListDB.swift; sourceTree = "<group>"; };
		5183C1401F7945050018B6AC /* SampleLibrary.swift */ = {isa = PBXFileReference; lastKnownFileType = sourcecode.swift; path = SampleLibrary.swift; sourceTree = "<group>"; };
		519CB3961F7D4306000A4B52 /* FriendTableViewCell.swift */ = {isa = PBXFileReference; lastKnownFileType = sourcecode.swift; path = FriendTableViewCell.swift; sourceTree = "<group>"; };
/* End PBXFileReference section */

/* Begin PBXFrameworksBuildPhase section */
		518136D11F7696C8009EEA42 /* Frameworks */ = {
			isa = PBXFrameworksBuildPhase;
			buildActionMask = 2147483647;
			files = (
				5183C1361F7798740018B6AC /* Realm.framework in Frameworks */,
				5183C1341F7798730018B6AC /* RealmSwift.framework in Frameworks */,
			);
			runOnlyForDeploymentPostprocessing = 0;
		};
		518136E71F7696C9009EEA42 /* Frameworks */ = {
			isa = PBXFrameworksBuildPhase;
			buildActionMask = 2147483647;
			files = (
			);
			runOnlyForDeploymentPostprocessing = 0;
		};
		518136F21F7696C9009EEA42 /* Frameworks */ = {
			isa = PBXFrameworksBuildPhase;
			buildActionMask = 2147483647;
			files = (
			);
			runOnlyForDeploymentPostprocessing = 0;
		};
/* End PBXFrameworksBuildPhase section */

/* Begin PBXGroup section */
		518136CB1F7696C8009EEA42 = {
			isa = PBXGroup;
			children = (
				5183C1331F7798730018B6AC /* Realm.framework */,
				5183C1321F77986E0018B6AC /* RealmSwift.framework */,
				518136D61F7696C8009EEA42 /* FriendListAppTest */,
				518136ED1F7696C9009EEA42 /* FriendListAppTestTests */,
				518136F81F7696C9009EEA42 /* FriendListAppTestUITests */,
				518136D51F7696C8009EEA42 /* Products */,
			);
			sourceTree = "<group>";
		};
		518136D51F7696C8009EEA42 /* Products */ = {
			isa = PBXGroup;
			children = (
				518136D41F7696C8009EEA42 /* FriendListAppTest.app */,
				518136EA1F7696C9009EEA42 /* FriendListAppTestTests.xctest */,
				518136F51F7696C9009EEA42 /* FriendListAppTestUITests.xctest */,
			);
			name = Products;
			sourceTree = "<group>";
		};
		518136D61F7696C8009EEA42 /* FriendListAppTest */ = {
			isa = PBXGroup;
			children = (
				518136D71F7696C8009EEA42 /* AppDelegate.swift */,
				5183C13A1F77C0250018B6AC /* FriendListDB.swift */,
				5183C1401F7945050018B6AC /* SampleLibrary.swift */,
				518136D91F7696C8009EEA42 /* FriendRegistViewController.swift */,
				518136DB1F7696C8009EEA42 /* FriendListViewController.swift */,
				519CB3961F7D4306000A4B52 /* FriendTableViewCell.swift */,
				512307481F7BEC0200AC6949 /* FriendDetailViewController.swift */,
				511E853D1F87D890000C6B87 /* FriendEditViewController.swift */,
				518136DD1F7696C8009EEA42 /* Main.storyboard */,
				518136E01F7696C8009EEA42 /* Assets.xcassets */,
				518136E21F7696C8009EEA42 /* LaunchScreen.storyboard */,
				518136E51F7696C8009EEA42 /* Info.plist */,
			);
			path = FriendListAppTest;
			sourceTree = "<group>";
		};
		518136ED1F7696C9009EEA42 /* FriendListAppTestTests */ = {
			isa = PBXGroup;
			children = (
				518136EE1F7696C9009EEA42 /* FriendListAppTestTests.swift */,
				518136F01F7696C9009EEA42 /* Info.plist */,
			);
			path = FriendListAppTestTests;
			sourceTree = "<group>";
		};
		518136F81F7696C9009EEA42 /* FriendListAppTestUITests */ = {
			isa = PBXGroup;
			children = (
				518136F91F7696C9009EEA42 /* FriendListAppTestUITests.swift */,
				518136FB1F7696C9009EEA42 /* Info.plist */,
			);
			path = FriendListAppTestUITests;
			sourceTree = "<group>";
		};
/* End PBXGroup section */

/* Begin PBXNativeTarget section */
		518136D31F7696C8009EEA42 /* FriendListAppTest */ = {
			isa = PBXNativeTarget;
			buildConfigurationList = 518136FE1F7696C9009EEA42 /* Build configuration list for PBXNativeTarget "FriendListAppTest" */;
			buildPhases = (
				518136D01F7696C8009EEA42 /* Sources */,
				518136D11F7696C8009EEA42 /* Frameworks */,
				518136D21F7696C8009EEA42 /* Resources */,
				5183C1381F7798740018B6AC /* Embed Frameworks */,
				5183C1391F77995A0018B6AC /* Run Script */,
			);
			buildRules = (
			);
			dependencies = (
			);
			name = FriendListAppTest;
			productName = FriendListAppTest;
			productReference = 518136D41F7696C8009EEA42 /* FriendListAppTest.app */;
			productType = "com.apple.product-type.application";
		};
		518136E91F7696C9009EEA42 /* FriendListAppTestTests */ = {
			isa = PBXNativeTarget;
			buildConfigurationList = 518137011F7696C9009EEA42 /* Build configuration list for PBXNativeTarget "FriendListAppTestTests" */;
			buildPhases = (
				518136E61F7696C9009EEA42 /* Sources */,
				518136E71F7696C9009EEA42 /* Frameworks */,
				518136E81F7696C9009EEA42 /* Resources */,
			);
			buildRules = (
			);
			dependencies = (
				518136EC1F7696C9009EEA42 /* PBXTargetDependency */,
			);
			name = FriendListAppTestTests;
			productName = FriendListAppTestTests;
			productReference = 518136EA1F7696C9009EEA42 /* FriendListAppTestTests.xctest */;
			productType = "com.apple.product-type.bundle.unit-test";
		};
		518136F41F7696C9009EEA42 /* FriendListAppTestUITests */ = {
			isa = PBXNativeTarget;
			buildConfigurationList = 518137041F7696C9009EEA42 /* Build configuration list for PBXNativeTarget "FriendListAppTestUITests" */;
			buildPhases = (
				518136F11F7696C9009EEA42 /* Sources */,
				518136F21F7696C9009EEA42 /* Frameworks */,
				518136F31F7696C9009EEA42 /* Resources */,
			);
			buildRules = (
			);
			dependencies = (
				518136F71F7696C9009EEA42 /* PBXTargetDependency */,
			);
			name = FriendListAppTestUITests;
			productName = FriendListAppTestUITests;
			productReference = 518136F51F7696C9009EEA42 /* FriendListAppTestUITests.xctest */;
			productType = "com.apple.product-type.bundle.ui-testing";
		};
/* End PBXNativeTarget section */

/* Begin PBXProject section */
		518136CC1F7696C8009EEA42 /* Project object */ = {
			isa = PBXProject;
			attributes = {
				LastSwiftUpdateCheck = 0900;
				LastUpgradeCheck = 0900;
				ORGANIZATIONNAME = Alternated;
				TargetAttributes = {
					518136D31F7696C8009EEA42 = {
						CreatedOnToolsVersion = 9.0;
						ProvisioningStyle = Automatic;
					};
					518136E91F7696C9009EEA42 = {
						CreatedOnToolsVersion = 9.0;
						ProvisioningStyle = Automatic;
						TestTargetID = 518136D31F7696C8009EEA42;
					};
					518136F41F7696C9009EEA42 = {
						CreatedOnToolsVersion = 9.0;
						ProvisioningStyle = Automatic;
						TestTargetID = 518136D31F7696C8009EEA42;
					};
				};
			};
			buildConfigurationList = 518136CF1F7696C8009EEA42 /* Build configuration list for PBXProject "FriendListAppTest" */;
			compatibilityVersion = "Xcode 8.0";
			developmentRegion = en;
			hasScannedForEncodings = 0;
			knownRegions = (
				en,
				Base,
			);
			mainGroup = 518136CB1F7696C8009EEA42;
			productRefGroup = 518136D51F7696C8009EEA42 /* Products */;
			projectDirPath = "";
			projectRoot = "";
			targets = (
				518136D31F7696C8009EEA42 /* FriendListAppTest */,
				518136E91F7696C9009EEA42 /* FriendListAppTestTests */,
				518136F41F7696C9009EEA42 /* FriendListAppTestUITests */,
			);
		};
/* End PBXProject section */

/* Begin PBXResourcesBuildPhase section */
		518136D21F7696C8009EEA42 /* Resources */ = {
			isa = PBXResourcesBuildPhase;
			buildActionMask = 2147483647;
			files = (
				518136E41F7696C8009EEA42 /* LaunchScreen.storyboard in Resources */,
				518136E11F7696C8009EEA42 /* Assets.xcassets in Resources */,
				518136DF1F7696C8009EEA42 /* Main.storyboard in Resources */,
			);
			runOnlyForDeploymentPostprocessing = 0;
		};
		518136E81F7696C9009EEA42 /* Resources */ = {
			isa = PBXResourcesBuildPhase;
			buildActionMask = 2147483647;
			files = (
			);
			runOnlyForDeploymentPostprocessing = 0;
		};
		518136F31F7696C9009EEA42 /* Resources */ = {
			isa = PBXResourcesBuildPhase;
			buildActionMask = 2147483647;
			files = (
			);
			runOnlyForDeploymentPostprocessing = 0;
		};
/* End PBXResourcesBuildPhase section */

/* Begin PBXShellScriptBuildPhase section */
		5183C1391F77995A0018B6AC /* Run Script */ = {
			isa = PBXShellScriptBuildPhase;
			buildActionMask = 2147483647;
			files = (
			);
			inputPaths = (
			);
			name = "Run Script";
			outputPaths = (
			);
			runOnlyForDeploymentPostprocessing = 0;
			shellPath = /bin/sh;
			shellScript = "bash \"${BUILT_PRODUCTS_DIR}/${FRAMEWORKS_FOLDER_PATH}/Realm.framework/strip-frameworks.sh\"\n";
		};
/* End PBXShellScriptBuildPhase section */

/* Begin PBXSourcesBuildPhase section */
		518136D01F7696C8009EEA42 /* Sources */ = {
			isa = PBXSourcesBuildPhase;
			buildActionMask = 2147483647;
			files = (
				518136DC1F7696C8009EEA42 /* FriendListViewController.swift in Sources */,
				5183C1411F7945050018B6AC /* SampleLibrary.swift in Sources */,
				511E853E1F87D890000C6B87 /* FriendEditViewController.swift in Sources */,
				518136D81F7696C8009EEA42 /* AppDelegate.swift in Sources */,
				518136DA1F7696C8009EEA42 /* FriendRegistViewController.swift in Sources */,
				5183C13B1F77C0250018B6AC /* FriendListDB.swift in Sources */,
				512307491F7BEC0200AC6949 /* FriendDetailViewController.swift in Sources */,
				519CB3971F7D4306000A4B52 /* FriendTableViewCell.swift in Sources */,
			);
			runOnlyForDeploymentPostprocessing = 0;
		};
		518136E61F7696C9009EEA42 /* Sources */ = {
			isa = PBXSourcesBuildPhase;
			buildActionMask = 2147483647;
			files = (
				518136EF1F7696C9009EEA42 /* FriendListAppTestTests.swift in Sources */,
			);
			runOnlyForDeploymentPostprocessing = 0;
		};
		518136F11F7696C9009EEA42 /* Sources */ = {
			isa = PBXSourcesBuildPhase;
			buildActionMask = 2147483647;
			files = (
				518136FA1F7696C9009EEA42 /* FriendListAppTestUITests.swift in Sources */,
			);
			runOnlyForDeploymentPostprocessing = 0;
		};
/* End PBXSourcesBuildPhase section */

/* Begin PBXTargetDependency section */
		518136EC1F7696C9009EEA42 /* PBXTargetDependency */ = {
			isa = PBXTargetDependency;
			target = 518136D31F7696C8009EEA42 /* FriendListAppTest */;
			targetProxy = 518136EB1F7696C9009EEA42 /* PBXContainerItemProxy */;
		};
		518136F71F7696C9009EEA42 /* PBXTargetDependency */ = {
			isa = PBXTargetDependency;
			target = 518136D31F7696C8009EEA42 /* FriendListAppTest */;
			targetProxy = 518136F61F7696C9009EEA42 /* PBXContainerItemProxy */;
		};
/* End PBXTargetDependency section */

/* Begin PBXVariantGroup section */
		518136DD1F7696C8009EEA42 /* Main.storyboard */ = {
			isa = PBXVariantGroup;
			children = (
				518136DE1F7696C8009EEA42 /* Base */,
			);
			name = Main.storyboard;
			sourceTree = "<group>";
		};
		518136E21F7696C8009EEA42 /* LaunchScreen.storyboard */ = {
			isa = PBXVariantGroup;
			children = (
				518136E31F7696C8009EEA42 /* Base */,
			);
			name = LaunchScreen.storyboard;
			sourceTree = "<group>";
		};
/* End PBXVariantGroup section */

/* Begin XCBuildConfiguration section */
		518136FC1F7696C9009EEA42 /* Debug */ = {
			isa = XCBuildConfiguration;
			buildSettings = {
				ALWAYS_SEARCH_USER_PATHS = NO;
				CLANG_ANALYZER_NONNULL = YES;
				CLANG_ANALYZER_NUMBER_OBJECT_CONVERSION = YES_AGGRESSIVE;
				CLANG_CXX_LANGUAGE_STANDARD = "gnu++14";
				CLANG_CXX_LIBRARY = "libc++";
				CLANG_ENABLE_MODULES = YES;
				CLANG_ENABLE_OBJC_ARC = YES;
				CLANG_WARN_BLOCK_CAPTURE_AUTORELEASING = YES;
				CLANG_WARN_BOOL_CONVERSION = YES;
				CLANG_WARN_COMMA = YES;
				CLANG_WARN_CONSTANT_CONVERSION = YES;
				CLANG_WARN_DIRECT_OBJC_ISA_USAGE = YES_ERROR;
				CLANG_WARN_DOCUMENTATION_COMMENTS = YES;
				CLANG_WARN_EMPTY_BODY = YES;
				CLANG_WARN_ENUM_CONVERSION = YES;
				CLANG_WARN_INFINITE_RECURSION = YES;
				CLANG_WARN_INT_CONVERSION = YES;
				CLANG_WARN_NON_LITERAL_NULL_CONVERSION = YES;
				CLANG_WARN_OBJC_LITERAL_CONVERSION = YES;
				CLANG_WARN_OBJC_ROOT_CLASS = YES_ERROR;
				CLANG_WARN_RANGE_LOOP_ANALYSIS = YES;
				CLANG_WARN_STRICT_PROTOTYPES = YES;
				CLANG_WARN_SUSPICIOUS_MOVE = YES;
				CLANG_WARN_UNGUARDED_AVAILABILITY = YES_AGGRESSIVE;
				CLANG_WARN_UNREACHABLE_CODE = YES;
				CLANG_WARN__DUPLICATE_METHOD_MATCH = YES;
				CODE_SIGN_IDENTITY = "iPhone Developer";
				COPY_PHASE_STRIP = NO;
				DEBUG_INFORMATION_FORMAT = dwarf;
				ENABLE_STRICT_OBJC_MSGSEND = YES;
				ENABLE_TESTABILITY = YES;
				GCC_C_LANGUAGE_STANDARD = gnu11;
				GCC_DYNAMIC_NO_PIC = NO;
				GCC_NO_COMMON_BLOCKS = YES;
				GCC_OPTIMIZATION_LEVEL = 0;
				GCC_PREPROCESSOR_DEFINITIONS = (
					"DEBUG=1",
					"$(inherited)",
				);
				GCC_WARN_64_TO_32_BIT_CONVERSION = YES;
				GCC_WARN_ABOUT_RETURN_TYPE = YES_ERROR;
				GCC_WARN_UNDECLARED_SELECTOR = YES;
				GCC_WARN_UNINITIALIZED_AUTOS = YES_AGGRESSIVE;
				GCC_WARN_UNUSED_FUNCTION = YES;
				GCC_WARN_UNUSED_VARIABLE = YES;
				IPHONEOS_DEPLOYMENT_TARGET = 11.0;
				MTL_ENABLE_DEBUG_INFO = YES;
				ONLY_ACTIVE_ARCH = YES;
				SDKROOT = iphoneos;
				SWIFT_ACTIVE_COMPILATION_CONDITIONS = DEBUG;
				SWIFT_OPTIMIZATION_LEVEL = "-Onone";
			};
			name = Debug;
		};
		518136FD1F7696C9009EEA42 /* Release */ = {
			isa = XCBuildConfiguration;
			buildSettings = {
				ALWAYS_SEARCH_USER_PATHS = NO;
				CLANG_ANALYZER_NONNULL = YES;
				CLANG_ANALYZER_NUMBER_OBJECT_CONVERSION = YES_AGGRESSIVE;
				CLANG_CXX_LANGUAGE_STANDARD = "gnu++14";
				CLANG_CXX_LIBRARY = "libc++";
				CLANG_ENABLE_MODULES = YES;
				CLANG_ENABLE_OBJC_ARC = YES;
				CLANG_WARN_BLOCK_CAPTURE_AUTORELEASING = YES;
				CLANG_WARN_BOOL_CONVERSION = YES;
				CLANG_WARN_COMMA = YES;
				CLANG_WARN_CONSTANT_CONVERSION = YES;
				CLANG_WARN_DIRECT_OBJC_ISA_USAGE = YES_ERROR;
				CLANG_WARN_DOCUMENTATION_COMMENTS = YES;
				CLANG_WARN_EMPTY_BODY = YES;
				CLANG_WARN_ENUM_CONVERSION = YES;
				CLANG_WARN_INFINITE_RECURSION = YES;
				CLANG_WARN_INT_CONVERSION = YES;
				CLANG_WARN_NON_LITERAL_NULL_CONVERSION = YES;
				CLANG_WARN_OBJC_LITERAL_CONVERSION = YES;
				CLANG_WARN_OBJC_ROOT_CLASS = YES_ERROR;
				CLANG_WARN_RANGE_LOOP_ANALYSIS = YES;
				CLANG_WARN_STRICT_PROTOTYPES = YES;
				CLANG_WARN_SUSPICIOUS_MOVE = YES;
				CLANG_WARN_UNGUARDED_AVAILABILITY = YES_AGGRESSIVE;
				CLANG_WARN_UNREACHABLE_CODE = YES;
				CLANG_WARN__DUPLICATE_METHOD_MATCH = YES;
				CODE_SIGN_IDENTITY = "iPhone Developer";
				COPY_PHASE_STRIP = NO;
				DEBUG_INFORMATION_FORMAT = "dwarf-with-dsym";
				ENABLE_NS_ASSERTIONS = NO;
				ENABLE_STRICT_OBJC_MSGSEND = YES;
				GCC_C_LANGUAGE_STANDARD = gnu11;
				GCC_NO_COMMON_BLOCKS = YES;
				GCC_WARN_64_TO_32_BIT_CONVERSION = YES;
				GCC_WARN_ABOUT_RETURN_TYPE = YES_ERROR;
				GCC_WARN_UNDECLARED_SELECTOR = YES;
				GCC_WARN_UNINITIALIZED_AUTOS = YES_AGGRESSIVE;
				GCC_WARN_UNUSED_FUNCTION = YES;
				GCC_WARN_UNUSED_VARIABLE = YES;
				IPHONEOS_DEPLOYMENT_TARGET = 11.0;
				MTL_ENABLE_DEBUG_INFO = NO;
				SDKROOT = iphoneos;
				SWIFT_OPTIMIZATION_LEVEL = "-Owholemodule";
				VALIDATE_PRODUCT = YES;
			};
			name = Release;
		};
		518136FF1F7696C9009EEA42 /* Debug */ = {
			isa = XCBuildConfiguration;
			buildSettings = {
				ASSETCATALOG_COMPILER_APPICON_NAME = AppIcon;
				CODE_SIGN_STYLE = Automatic;
				DEVELOPMENT_TEAM = 2M9MDSHHV5;
				FRAMEWORK_SEARCH_PATHS = (
					"$(inherited)",
					"$(PROJECT_DIR)",
				);
				INFOPLIST_FILE = FriendListAppTest/Info.plist;
				IPHONEOS_DEPLOYMENT_TARGET = 11.0;
				LD_RUNPATH_SEARCH_PATHS = "$(inherited) @executable_path/Frameworks";
				PRODUCT_BUNDLE_IDENTIFIER = com.Alternated.FriendListAppTest;
				PRODUCT_NAME = "$(TARGET_NAME)";
				SWIFT_VERSION = 4.0;
				TARGETED_DEVICE_FAMILY = 1;
			};
			name = Debug;
		};
		518137001F7696C9009EEA42 /* Release */ = {
			isa = XCBuildConfiguration;
			buildSettings = {
				ASSETCATALOG_COMPILER_APPICON_NAME = AppIcon;
				CODE_SIGN_STYLE = Automatic;
				DEVELOPMENT_TEAM = 2M9MDSHHV5;
				FRAMEWORK_SEARCH_PATHS = (
					"$(inherited)",
					"$(PROJECT_DIR)",
				);
				INFOPLIST_FILE = FriendListAppTest/Info.plist;
				IPHONEOS_DEPLOYMENT_TARGET = 11.0;
				LD_RUNPATH_SEARCH_PATHS = "$(inherited) @executable_path/Frameworks";
				PRODUCT_BUNDLE_IDENTIFIER = com.Alternated.FriendListAppTest;
				PRODUCT_NAME = "$(TARGET_NAME)";
				SWIFT_VERSION = 4.0;
				TARGETED_DEVICE_FAMILY = 1;
			};
			name = Release;
		};
		518137021F7696C9009EEA42 /* Debug */ = {
			isa = XCBuildConfiguration;
			buildSettings = {
				ALWAYS_EMBED_SWIFT_STANDARD_LIBRARIES = YES;
				BUNDLE_LOADER = "$(TEST_HOST)";
				CODE_SIGN_STYLE = Automatic;
				DEVELOPMENT_TEAM = 2M9MDSHHV5;
				INFOPLIST_FILE = FriendListAppTestTests/Info.plist;
				LD_RUNPATH_SEARCH_PATHS = "$(inherited) @executable_path/Frameworks @loader_path/Frameworks";
				PRODUCT_BUNDLE_IDENTIFIER = com.Alternated.FriendListAppTestTests;
				PRODUCT_NAME = "$(TARGET_NAME)";
				SWIFT_VERSION = 4.0;
				TARGETED_DEVICE_FAMILY = "1,2";
				TEST_HOST = "$(BUILT_PRODUCTS_DIR)/FriendListAppTest.app/FriendListAppTest";
			};
			name = Debug;
		};
		518137031F7696C9009EEA42 /* Release */ = {
			isa = XCBuildConfiguration;
			buildSettings = {
				ALWAYS_EMBED_SWIFT_STANDARD_LIBRARIES = YES;
				BUNDLE_LOADER = "$(TEST_HOST)";
				CODE_SIGN_STYLE = Automatic;
				DEVELOPMENT_TEAM = 2M9MDSHHV5;
				INFOPLIST_FILE = FriendListAppTestTests/Info.plist;
				LD_RUNPATH_SEARCH_PATHS = "$(inherited) @executable_path/Frameworks @loader_path/Frameworks";
				PRODUCT_BUNDLE_IDENTIFIER = com.Alternated.FriendListAppTestTests;
				PRODUCT_NAME = "$(TARGET_NAME)";
				SWIFT_VERSION = 4.0;
				TARGETED_DEVICE_FAMILY = "1,2";
				TEST_HOST = "$(BUILT_PRODUCTS_DIR)/FriendListAppTest.app/FriendListAppTest";
			};
			name = Release;
		};
		518137051F7696C9009EEA42 /* Debug */ = {
			isa = XCBuildConfiguration;
			buildSettings = {
				ALWAYS_EMBED_SWIFT_STANDARD_LIBRARIES = YES;
				CODE_SIGN_STYLE = Automatic;
				DEVELOPMENT_TEAM = 2M9MDSHHV5;
				INFOPLIST_FILE = FriendListAppTestUITests/Info.plist;
				LD_RUNPATH_SEARCH_PATHS = "$(inherited) @executable_path/Frameworks @loader_path/Frameworks";
				PRODUCT_BUNDLE_IDENTIFIER = com.Alternated.FriendListAppTestUITests;
				PRODUCT_NAME = "$(TARGET_NAME)";
				SWIFT_VERSION = 4.0;
				TARGETED_DEVICE_FAMILY = "1,2";
				TEST_TARGET_NAME = FriendListAppTest;
			};
			name = Debug;
		};
		518137061F7696C9009EEA42 /* Release */ = {
			isa = XCBuildConfiguration;
			buildSettings = {
				ALWAYS_EMBED_SWIFT_STANDARD_LIBRARIES = YES;
				CODE_SIGN_STYLE = Automatic;
				DEVELOPMENT_TEAM = 2M9MDSHHV5;
				INFOPLIST_FILE = FriendListAppTestUITests/Info.plist;
				LD_RUNPATH_SEARCH_PATHS = "$(inherited) @executable_path/Frameworks @loader_path/Frameworks";
				PRODUCT_BUNDLE_IDENTIFIER = com.Alternated.FriendListAppTestUITests;
				PRODUCT_NAME = "$(TARGET_NAME)";
				SWIFT_VERSION = 4.0;
				TARGETED_DEVICE_FAMILY = "1,2";
				TEST_TARGET_NAME = FriendListAppTest;
			};
			name = Release;
		};
/* End XCBuildConfiguration section */

/* Begin XCConfigurationList section */
		518136CF1F7696C8009EEA42 /* Build configuration list for PBXProject "FriendListAppTest" */ = {
			isa = XCConfigurationList;
			buildConfigurations = (
				518136FC1F7696C9009EEA42 /* Debug */,
				518136FD1F7696C9009EEA42 /* Release */,
			);
			defaultConfigurationIsVisible = 0;
			defaultConfigurationName = Release;
		};
		518136FE1F7696C9009EEA42 /* Build configuration list for PBXNativeTarget "FriendListAppTest" */ = {
			isa = XCConfigurationList;
			buildConfigurations = (
				518136FF1F7696C9009EEA42 /* Debug */,
				518137001F7696C9009EEA42 /* Release */,
			);
			defaultConfigurationIsVisible = 0;
			defaultConfigurationName = Release;
		};
		518137011F7696C9009EEA42 /* Build configuration list for PBXNativeTarget "FriendListAppTestTests" */ = {
			isa = XCConfigurationList;
			buildConfigurations = (
				518137021F7696C9009EEA42 /* Debug */,
				518137031F7696C9009EEA42 /* Release */,
			);
			defaultConfigurationIsVisible = 0;
			defaultConfigurationName = Release;
		};
		518137041F7696C9009EEA42 /* Build configuration list for PBXNativeTarget "FriendListAppTestUITests" */ = {
			isa = XCConfigurationList;
			buildConfigurations = (
				518137051F7696C9009EEA42 /* Debug */,
				518137061F7696C9009EEA42 /* Release */,
			);
			defaultConfigurationIsVisible = 0;
			defaultConfigurationName = Release;
		};
/* End XCConfigurationList section */
	};
	rootObject = 518136CC1F7696C8009EEA42 /* Project object */;
}
